
Microsoft Visual Studio Solution File, Format Version 12.00
# Visual Studio Version 16
VisualStudioVersion = 16.0.30114.105
MinimumVisualStudioVersion = 10.0.40219.1
Project("{2150E333-8FDC-42A3-9474-1A3956D46DE8}") = "src", "src", "{6616A295-8717-4E0A-9E30-7F31888803EE}"
EndProject
Project("{FAE04EC0-301F-11D3-BF4B-00C04F79EFBC}") = "Volvo.Api", "src\Volvo.Api\Volvo.Api.csproj", "{FB985E64-E321-495E-9F87-59D23BB94089}"
EndProject
Project("{FAE04EC0-301F-11D3-BF4B-00C04F79EFBC}") = "Volvo.Cross.Cutting", "src\Volvo.Cross.Cutting\Volvo.Cross.Cutting.csproj", "{E5D22FC1-45FB-4B78-A6AC-2A4C12A1F6FB}"
EndProject
Project("{FAE04EC0-301F-11D3-BF4B-00C04F79EFBC}") = "Volvo.Data", "src\Volvo.Data\Volvo.Data.csproj", "{DE8E559F-398C-4CCD-9A72-E3270DBFCC0A}"
EndProject
Project("{FAE04EC0-301F-11D3-BF4B-00C04F79EFBC}") = "Volvo.Domain", "src\Volvo.Domain\Volvo.Domain.csproj", "{E11F3088-E301-422C-8C5C-E6BFDF2D8BB5}"
EndProject
Project("{2150E333-8FDC-42A3-9474-1A3956D46DE8}") = "__tests__", "__tests__", "{BB2CCCBD-9D89-49A1-B188-2183AE770A8B}"
EndProject
Project("{FAE04EC0-301F-11D3-BF4B-00C04F79EFBC}") = "Volvo.Tests", "__tests__\Volvo.Tests\Volvo.Tests.csproj", "{68AE47F1-F5F0-4127-B2E5-35F4C342034F}"
EndProject
Global
	GlobalSection(SolutionConfigurationPlatforms) = preSolution
		Debug|Any CPU = Debug|Any CPU
		Debug|x64 = Debug|x64
		Debug|x86 = Debug|x86
		Release|Any CPU = Release|Any CPU
		Release|x64 = Release|x64
		Release|x86 = Release|x86
	EndGlobalSection
	GlobalSection(SolutionProperties) = preSolution
		HideSolutionNode = FALSE
	EndGlobalSection
	GlobalSection(ProjectConfigurationPlatforms) = postSolution
		{FB985E64-E321-495E-9F87-59D23BB94089}.Debug|Any CPU.ActiveCfg = Debug|Any CPU
		{FB985E64-E321-495E-9F87-59D23BB94089}.Debug|Any CPU.Build.0 = Debug|Any CPU
		{FB985E64-E321-495E-9F87-59D23BB94089}.Debug|x64.ActiveCfg = Debug|Any CPU
		{FB985E64-E321-495E-9F87-59D23BB94089}.Debug|x64.Build.0 = Debug|Any CPU
		{FB985E64-E321-495E-9F87-59D23BB94089}.Debug|x86.ActiveCfg = Debug|Any CPU
		{FB985E64-E321-495E-9F87-59D23BB94089}.Debug|x86.Build.0 = Debug|Any CPU
		{FB985E64-E321-495E-9F87-59D23BB94089}.Release|Any CPU.ActiveCfg = Release|Any CPU
		{FB985E64-E321-495E-9F87-59D23BB94089}.Release|Any CPU.Build.0 = Release|Any CPU
		{FB985E64-E321-495E-9F87-59D23BB94089}.Release|x64.ActiveCfg = Release|Any CPU
		{FB985E64-E321-495E-9F87-59D23BB94089}.Release|x64.Build.0 = Release|Any CPU
		{FB985E64-E321-495E-9F87-59D23BB94089}.Release|x86.ActiveCfg = Release|Any CPU
		{FB985E64-E321-495E-9F87-59D23BB94089}.Release|x86.Build.0 = Release|Any CPU
		{E5D22FC1-45FB-4B78-A6AC-2A4C12A1F6FB}.Debug|Any CPU.ActiveCfg = Debug|Any CPU
		{E5D22FC1-45FB-4B78-A6AC-2A4C12A1F6FB}.Debug|Any CPU.Build.0 = Debug|Any CPU
		{E5D22FC1-45FB-4B78-A6AC-2A4C12A1F6FB}.Debug|x64.ActiveCfg = Debug|Any CPU
		{E5D22FC1-45FB-4B78-A6AC-2A4C12A1F6FB}.Debug|x64.Build.0 = Debug|Any CPU
		{E5D22FC1-45FB-4B78-A6AC-2A4C12A1F6FB}.Debug|x86.ActiveCfg = Debug|Any CPU
		{E5D22FC1-45FB-4B78-A6AC-2A4C12A1F6FB}.Debug|x86.Build.0 = Debug|Any CPU
		{E5D22FC1-45FB-4B78-A6AC-2A4C12A1F6FB}.Release|Any CPU.ActiveCfg = Release|Any CPU
		{E5D22FC1-45FB-4B78-A6AC-2A4C12A1F6FB}.Release|Any CPU.Build.0 = Release|Any CPU
		{E5D22FC1-45FB-4B78-A6AC-2A4C12A1F6FB}.Release|x64.ActiveCfg = Release|Any CPU
		{E5D22FC1-45FB-4B78-A6AC-2A4C12A1F6FB}.Release|x64.Build.0 = Release|Any CPU
		{E5D22FC1-45FB-4B78-A6AC-2A4C12A1F6FB}.Release|x86.ActiveCfg = Release|Any CPU
		{E5D22FC1-45FB-4B78-A6AC-2A4C12A1F6FB}.Release|x86.Build.0 = Release|Any CPU
		{DE8E559F-398C-4CCD-9A72-E3270DBFCC0A}.Debug|Any CPU.ActiveCfg = Debug|Any CPU
		{DE8E559F-398C-4CCD-9A72-E3270DBFCC0A}.Debug|Any CPU.Build.0 = Debug|Any CPU
		{DE8E559F-398C-4CCD-9A72-E3270DBFCC0A}.Debug|x64.ActiveCfg = Debug|Any CPU
		{DE8E559F-398C-4CCD-9A72-E3270DBFCC0A}.Debug|x64.Build.0 = Debug|Any CPU
		{DE8E559F-398C-4CCD-9A72-E3270DBFCC0A}.Debug|x86.ActiveCfg = Debug|Any CPU
		{DE8E559F-398C-4CCD-9A72-E3270DBFCC0A}.Debug|x86.Build.0 = Debug|Any CPU
		{DE8E559F-398C-4CCD-9A72-E3270DBFCC0A}.Release|Any CPU.ActiveCfg = Release|Any CPU
		{DE8E559F-398C-4CCD-9A72-E3270DBFCC0A}.Release|Any CPU.Build.0 = Release|Any CPU
		{DE8E559F-398C-4CCD-9A72-E3270DBFCC0A}.Release|x64.ActiveCfg = Release|Any CPU
		{DE8E559F-398C-4CCD-9A72-E3270DBFCC0A}.Release|x64.Build.0 = Release|Any CPU
		{DE8E559F-398C-4CCD-9A72-E3270DBFCC0A}.Release|x86.ActiveCfg = Release|Any CPU
		{DE8E559F-398C-4CCD-9A72-E3270DBFCC0A}.Release|x86.Build.0 = Release|Any CPU
		{E11F3088-E301-422C-8C5C-E6BFDF2D8BB5}.Debug|Any CPU.ActiveCfg = Debug|Any CPU
		{E11F3088-E301-422C-8C5C-E6BFDF2D8BB5}.Debug|Any CPU.Build.0 = Debug|Any CPU
		{E11F3088-E301-422C-8C5C-E6BFDF2D8BB5}.Debug|x64.ActiveCfg = Debug|Any CPU
		{E11F3088-E301-422C-8C5C-E6BFDF2D8BB5}.Debug|x64.Build.0 = Debug|Any CPU
		{E11F3088-E301-422C-8C5C-E6BFDF2D8BB5}.Debug|x86.ActiveCfg = Debug|Any CPU
		{E11F3088-E301-422C-8C5C-E6BFDF2D8BB5}.Debug|x86.Build.0 = Debug|Any CPU
		{E11F3088-E301-422C-8C5C-E6BFDF2D8BB5}.Release|Any CPU.ActiveCfg = Release|Any CPU
		{E11F3088-E301-422C-8C5C-E6BFDF2D8BB5}.Release|Any CPU.Build.0 = Release|Any CPU
		{E11F3088-E301-422C-8C5C-E6BFDF2D8BB5}.Release|x64.ActiveCfg = Release|Any CPU
		{E11F3088-E301-422C-8C5C-E6BFDF2D8BB5}.Release|x64.Build.0 = Release|Any CPU
		{E11F3088-E301-422C-8C5C-E6BFDF2D8BB5}.Release|x86.ActiveCfg = Release|Any CPU
		{E11F3088-E301-422C-8C5C-E6BFDF2D8BB5}.Release|x86.Build.0 = Release|Any CPU
		{68AE47F1-F5F0-4127-B2E5-35F4C342034F}.Debug|Any CPU.ActiveCfg = Debug|Any CPU
		{68AE47F1-F5F0-4127-B2E5-35F4C342034F}.Debug|Any CPU.Build.0 = Debug|Any CPU
		{68AE47F1-F5F0-4127-B2E5-35F4C342034F}.Debug|x64.ActiveCfg = Debug|Any CPU
		{68AE47F1-F5F0-4127-B2E5-35F4C342034F}.Debug|x64.Build.0 = Debug|Any CPU
		{68AE47F1-F5F0-4127-B2E5-35F4C342034F}.Debug|x86.ActiveCfg = Debug|Any CPU
		{68AE47F1-F5F0-4127-B2E5-35F4C342034F}.Debug|x86.Build.0 = Debug|Any CPU
		{68AE47F1-F5F0-4127-B2E5-35F4C342034F}.Release|Any CPU.ActiveCfg = Release|Any CPU
		{68AE47F1-F5F0-4127-B2E5-35F4C342034F}.Release|Any CPU.Build.0 = Release|Any CPU
		{68AE47F1-F5F0-4127-B2E5-35F4C342034F}.Release|x64.ActiveCfg = Release|Any CPU
		{68AE47F1-F5F0-4127-B2E5-35F4C342034F}.Release|x64.Build.0 = Release|Any CPU
		{68AE47F1-F5F0-4127-B2E5-35F4C342034F}.Release|x86.ActiveCfg = Release|Any CPU
		{68AE47F1-F5F0-4127-B2E5-35F4C342034F}.Release|x86.Build.0 = Release|Any CPU
	EndGlobalSection
	GlobalSection(NestedProjects) = preSolution
		{FB985E64-E321-495E-9F87-59D23BB94089} = {6616A295-8717-4E0A-9E30-7F31888803EE}
		{E5D22FC1-45FB-4B78-A6AC-2A4C12A1F6FB} = {6616A295-8717-4E0A-9E30-7F31888803EE}
		{DE8E559F-398C-4CCD-9A72-E3270DBFCC0A} = {6616A295-8717-4E0A-9E30-7F31888803EE}
		{E11F3088-E301-422C-8C5C-E6BFDF2D8BB5} = {6616A295-8717-4E0A-9E30-7F31888803EE}
		{68AE47F1-F5F0-4127-B2E5-35F4C342034F} = {BB2CCCBD-9D89-49A1-B188-2183AE770A8B}
	EndGlobalSection
EndGlobal
